// !$*UTF8*$!
{
	archiveVersion = 1;
	classes = {
	};
	objectVersion = 54;
	objects = {

/* Begin PBXBuildFile section */
		6A288C172B63B8DC007268BF /* SubscriptionInfoViewController.swift in Sources */ = {isa = PBXBuildFile; fileRef = 6A288C162B63B8DC007268BF /* SubscriptionInfoViewController.swift */; };
		6A65A7DC2B4ABAF000D7AD41 /* SwiftyStoreKit in Frameworks */ = {isa = PBXBuildFile; productRef = 6A65A7DB2B4ABAF000D7AD41 /* SwiftyStoreKit */; };
		6A65A7DE2B4ABB4D00D7AD41 /* SubscriptionManager.swift in Sources */ = {isa = PBXBuildFile; fileRef = 6A65A7DD2B4ABB4D00D7AD41 /* SubscriptionManager.swift */; };
		6A65A7E02B4AC6DA00D7AD41 /* SubscriptionHelper.swift in Sources */ = {isa = PBXBuildFile; fileRef = 6A65A7DF2B4AC6DA00D7AD41 /* SubscriptionHelper.swift */; };
		6A65A7E22B4ACD1D00D7AD41 /* IntoViewController.swift in Sources */ = {isa = PBXBuildFile; fileRef = 6A65A7E12B4ACD1D00D7AD41 /* IntoViewController.swift */; };
		6A65A7E52B4B1FD900D7AD41 /* MBProgressHUD in Frameworks */ = {isa = PBXBuildFile; productRef = 6A65A7E42B4B1FD900D7AD41 /* MBProgressHUD */; };
		6A7880B62B5F6C6400447906 /* StoreKit.framework in Frameworks */ = {isa = PBXBuildFile; fileRef = 6A7880B52B5F6C6400447906 /* StoreKit.framework */; };
		6AA607092B4734880027F8A3 /* SubscriptionViewController.swift in Sources */ = {isa = PBXBuildFile; fileRef = 6AA607082B4734880027F8A3 /* SubscriptionViewController.swift */; };
		8BE7C13A24E29DDA007CB4E5 /* htmlapp in Resources */ = {isa = PBXBuildFile; fileRef = 8BE7C13924E29DD9007CB4E5 /* htmlapp */; };
		8BEA476E22B72C4C0034118D /* AppDelegate.swift in Sources */ = {isa = PBXBuildFile; fileRef = 8BEA476D22B72C4C0034118D /* AppDelegate.swift */; };
		8BEA477022B72C4C0034118D /* ViewController.swift in Sources */ = {isa = PBXBuildFile; fileRef = 8BEA476F22B72C4C0034118D /* ViewController.swift */; };
		8BEA477322B72C4C0034118D /* Main.storyboard in Resources */ = {isa = PBXBuildFile; fileRef = 8BEA477122B72C4C0034118D /* Main.storyboard */; };
		8BEA477522B72C590034118D /* Assets.xcassets in Resources */ = {isa = PBXBuildFile; fileRef = 8BEA477422B72C590034118D /* Assets.xcassets */; };
		8BEA477822B72C590034118D /* LaunchScreen.storyboard in Resources */ = {isa = PBXBuildFile; fileRef = 8BEA477622B72C590034118D /* LaunchScreen.storyboard */; };
/* End PBXBuildFile section */

/* Begin PBXFileReference section */
		6A288C162B63B8DC007268BF /* SubscriptionInfoViewController.swift */ = {isa = PBXFileReference; lastKnownFileType = sourcecode.swift; path = SubscriptionInfoViewController.swift; sourceTree = "<group>"; };
		6A288C182B64F600007268BF /* Guava.entitlements */ = {isa = PBXFileReference; lastKnownFileType = text.plist.entitlements; path = Guava.entitlements; sourceTree = "<group>"; };
		6A65A7DD2B4ABB4D00D7AD41 /* SubscriptionManager.swift */ = {isa = PBXFileReference; lastKnownFileType = sourcecode.swift; path = SubscriptionManager.swift; sourceTree = "<group>"; };
		6A65A7DF2B4AC6DA00D7AD41 /* SubscriptionHelper.swift */ = {isa = PBXFileReference; lastKnownFileType = sourcecode.swift; path = SubscriptionHelper.swift; sourceTree = "<group>"; };
		6A65A7E12B4ACD1D00D7AD41 /* IntoViewController.swift */ = {isa = PBXFileReference; lastKnownFileType = sourcecode.swift; path = IntoViewController.swift; sourceTree = "<group>"; };
		6A7880B52B5F6C6400447906 /* StoreKit.framework */ = {isa = PBXFileReference; lastKnownFileType = wrapper.framework; name = StoreKit.framework; path = System/Library/Frameworks/StoreKit.framework; sourceTree = SDKROOT; };
		6AA607082B4734880027F8A3 /* SubscriptionViewController.swift */ = {isa = PBXFileReference; lastKnownFileType = sourcecode.swift; path = SubscriptionViewController.swift; sourceTree = "<group>"; };
		8BE7C13924E29DD9007CB4E5 /* htmlapp */ = {isa = PBXFileReference; lastKnownFileType = folder; path = htmlapp; sourceTree = "<group>"; };
		8BEA476A22B72C4C0034118D /* Guava.app */ = {isa = PBXFileReference; explicitFileType = wrapper.application; includeInIndex = 0; path = Guava.app; sourceTree = BUILT_PRODUCTS_DIR; };
		8BEA476D22B72C4C0034118D /* AppDelegate.swift */ = {isa = PBXFileReference; lastKnownFileType = sourcecode.swift; path = AppDelegate.swift; sourceTree = "<group>"; };
		8BEA476F22B72C4C0034118D /* ViewController.swift */ = {isa = PBXFileReference; lastKnownFileType = sourcecode.swift; path = ViewController.swift; sourceTree = "<group>"; };
		8BEA477222B72C4C0034118D /* Base */ = {isa = PBXFileReference; lastKnownFileType = file.storyboard; name = Base; path = Base.lproj/Main.storyboard; sourceTree = "<group>"; };
		8BEA477422B72C590034118D /* Assets.xcassets */ = {isa = PBXFileReference; lastKnownFileType = folder.assetcatalog; path = Assets.xcassets; sourceTree = "<group>"; };
		8BEA477722B72C590034118D /* Base */ = {isa = PBXFileReference; lastKnownFileType = file.storyboard; name = Base; path = Base.lproj/LaunchScreen.storyboard; sourceTree = "<group>"; };
		8BEA477922B72C590034118D /* Info.plist */ = {isa = PBXFileReference; lastKnownFileType = text.plist.xml; path = Info.plist; sourceTree = "<group>"; };
/* End PBXFileReference section */

/* Begin PBXFrameworksBuildPhase section */
		8BEA476722B72C4C0034118D /* Frameworks */ = {
			isa = PBXFrameworksBuildPhase;
			buildActionMask = 2147483647;
			files = (
				6A7880B62B5F6C6400447906 /* StoreKit.framework in Frameworks */,
				6A65A7E52B4B1FD900D7AD41 /* MBProgressHUD in Frameworks */,
				6A65A7DC2B4ABAF000D7AD41 /* SwiftyStoreKit in Frameworks */,
			);
			runOnlyForDeploymentPostprocessing = 0;
		};
/* End PBXFrameworksBuildPhase section */

/* Begin PBXGroup section */
		6A7880B42B5F6C6400447906 /* Frameworks */ = {
			isa = PBXGroup;
			children = (
				6A7880B52B5F6C6400447906 /* StoreKit.framework */,
			);
			name = Frameworks;
			sourceTree = "<group>";
		};
		6AA607072B4734220027F8A3 /* Subscription */ = {
			isa = PBXGroup;
			children = (
				6AA607082B4734880027F8A3 /* SubscriptionViewController.swift */,
				6A65A7DD2B4ABB4D00D7AD41 /* SubscriptionManager.swift */,
				6A65A7DF2B4AC6DA00D7AD41 /* SubscriptionHelper.swift */,
				6A288C162B63B8DC007268BF /* SubscriptionInfoViewController.swift */,
			);
			path = Subscription;
			sourceTree = "<group>";
		};
		8BEA476122B72C4B0034118D = {
			isa = PBXGroup;
			children = (
				8BEA476C22B72C4C0034118D /* Guava */,
				8BEA476B22B72C4C0034118D /* Products */,
				6A7880B42B5F6C6400447906 /* Frameworks */,
			);
			sourceTree = "<group>";
		};
		8BEA476B22B72C4C0034118D /* Products */ = {
			isa = PBXGroup;
			children = (
				8BEA476A22B72C4C0034118D /* Guava.app */,
			);
			name = Products;
			sourceTree = "<group>";
		};
		8BEA476C22B72C4C0034118D /* Guava */ = {
			isa = PBXGroup;
			children = (
				6A288C182B64F600007268BF /* Guava.entitlements */,
				6AA607072B4734220027F8A3 /* Subscription */,
				8BE7C13924E29DD9007CB4E5 /* htmlapp */,
				8BEA476D22B72C4C0034118D /* AppDelegate.swift */,
				8BEA476F22B72C4C0034118D /* ViewController.swift */,
				6A65A7E12B4ACD1D00D7AD41 /* IntoViewController.swift */,
				8BEA477122B72C4C0034118D /* Main.storyboard */,
				8BEA477422B72C590034118D /* Assets.xcassets */,
				8BEA477622B72C590034118D /* LaunchScreen.storyboard */,
				8BEA477922B72C590034118D /* Info.plist */,
			);
			path = Guava;
			sourceTree = "<group>";
		};
/* End PBXGroup section */

/* Begin PBXNativeTarget section */
		8BEA476922B72C4C0034118D /* Guava */ = {
			isa = PBXNativeTarget;
			buildConfigurationList = 8BEA477C22B72C590034118D /* Build configuration list for PBXNativeTarget "Guava" */;
			buildPhases = (
				8BEA476622B72C4C0034118D /* Sources */,
				8BEA476722B72C4C0034118D /* Frameworks */,
				8BEA476822B72C4C0034118D /* Resources */,
			);
			buildRules = (
			);
			dependencies = (
			);
			name = Guava;
			packageProductDependencies = (
				6A65A7DB2B4ABAF000D7AD41 /* SwiftyStoreKit */,
				6A65A7E42B4B1FD900D7AD41 /* MBProgressHUD */,
			);
			productName = Guava;
			productReference = 8BEA476A22B72C4C0034118D /* Guava.app */;
			productType = "com.apple.product-type.application";
		};
/* End PBXNativeTarget section */

/* Begin PBXProject section */
		8BEA476222B72C4B0034118D /* Project object */ = {
			isa = PBXProject;
			attributes = {
				LastSwiftUpdateCheck = 1020;
				LastUpgradeCheck = 1020;
				ORGANIZATIONNAME = "Bold Era";
				TargetAttributes = {
					8BEA476922B72C4C0034118D = {
						CreatedOnToolsVersion = 10.2.1;
					};
				};
			};
			buildConfigurationList = 8BEA476522B72C4B0034118D /* Build configuration list for PBXProject "Guava" */;
			compatibilityVersion = "Xcode 12.0";
			developmentRegion = en;
			hasScannedForEncodings = 0;
			knownRegions = (
				en,
				Base,
			);
			mainGroup = 8BEA476122B72C4B0034118D;
			packageReferences = (
				6A65A7DA2B4ABAF000D7AD41 /* XCRemoteSwiftPackageReference "SwiftyStoreKit" */,
				6A65A7E32B4B1FD900D7AD41 /* XCRemoteSwiftPackageReference "MBProgressHUD" */,
			);
			productRefGroup = 8BEA476B22B72C4C0034118D /* Products */;
			projectDirPath = "";
			projectRoot = "";
			targets = (
				8BEA476922B72C4C0034118D /* Guava */,
			);
		};
/* End PBXProject section */

/* Begin PBXResourcesBuildPhase section */
		8BEA476822B72C4C0034118D /* Resources */ = {
			isa = PBXResourcesBuildPhase;
			buildActionMask = 2147483647;
			files = (
				8BEA477822B72C590034118D /* LaunchScreen.storyboard in Resources */,
				8BE7C13A24E29DDA007CB4E5 /* htmlapp in Resources */,
				8BEA477522B72C590034118D /* Assets.xcassets in Resources */,
				8BEA477322B72C4C0034118D /* Main.storyboard in Resources */,
			);
			runOnlyForDeploymentPostprocessing = 0;
		};
/* End PBXResourcesBuildPhase section */

/* Begin PBXSourcesBuildPhase section */
		8BEA476622B72C4C0034118D /* Sources */ = {
			isa = PBXSourcesBuildPhase;
			buildActionMask = 2147483647;
			files = (
				6A288C172B63B8DC007268BF /* SubscriptionInfoViewController.swift in Sources */,
				6A65A7E22B4ACD1D00D7AD41 /* IntoViewController.swift in Sources */,
				6A65A7DE2B4ABB4D00D7AD41 /* SubscriptionManager.swift in Sources */,
				6AA607092B4734880027F8A3 /* SubscriptionViewController.swift in Sources */,
				8BEA477022B72C4C0034118D /* ViewController.swift in Sources */,
				8BEA476E22B72C4C0034118D /* AppDelegate.swift in Sources */,
				6A65A7E02B4AC6DA00D7AD41 /* SubscriptionHelper.swift in Sources */,
			);
			runOnlyForDeploymentPostprocessing = 0;
		};
/* End PBXSourcesBuildPhase section */

/* Begin PBXVariantGroup section */
		8BEA477122B72C4C0034118D /* Main.storyboard */ = {
			isa = PBXVariantGroup;
			children = (
				8BEA477222B72C4C0034118D /* Base */,
			);
			name = Main.storyboard;
			sourceTree = "<group>";
		};
		8BEA477622B72C590034118D /* LaunchScreen.storyboard */ = {
			isa = PBXVariantGroup;
			children = (
				8BEA477722B72C590034118D /* Base */,
			);
			name = LaunchScreen.storyboard;
			sourceTree = "<group>";
		};
/* End PBXVariantGroup section */

/* Begin XCBuildConfiguration section */
		8BEA477A22B72C590034118D /* Debug */ = {
			isa = XCBuildConfiguration;
			buildSettings = {
				ALWAYS_SEARCH_USER_PATHS = NO;
				CLANG_ANALYZER_NONNULL = YES;
				CLANG_ANALYZER_NUMBER_OBJECT_CONVERSION = YES_AGGRESSIVE;
				CLANG_CXX_LANGUAGE_STANDARD = "gnu++14";
				CLANG_CXX_LIBRARY = "libc++";
				CLANG_ENABLE_MODULES = YES;
				CLANG_ENABLE_OBJC_ARC = YES;
				CLANG_ENABLE_OBJC_WEAK = YES;
				CLANG_WARN_BLOCK_CAPTURE_AUTORELEASING = YES;
				CLANG_WARN_BOOL_CONVERSION = YES;
				CLANG_WARN_COMMA = YES;
				CLANG_WARN_CONSTANT_CONVERSION = YES;
				CLANG_WARN_DEPRECATED_OBJC_IMPLEMENTATIONS = YES;
				CLANG_WARN_DIRECT_OBJC_ISA_USAGE = YES_ERROR;
				CLANG_WARN_DOCUMENTATION_COMMENTS = YES;
				CLANG_WARN_EMPTY_BODY = YES;
				CLANG_WARN_ENUM_CONVERSION = YES;
				CLANG_WARN_INFINITE_RECURSION = YES;
				CLANG_WARN_INT_CONVERSION = YES;
				CLANG_WARN_NON_LITERAL_NULL_CONVERSION = YES;
				CLANG_WARN_OBJC_IMPLICIT_RETAIN_SELF = YES;
				CLANG_WARN_OBJC_LITERAL_CONVERSION = YES;
				CLANG_WARN_OBJC_ROOT_CLASS = YES_ERROR;
				CLANG_WARN_RANGE_LOOP_ANALYSIS = YES;
				CLANG_WARN_STRICT_PROTOTYPES = YES;
				CLANG_WARN_SUSPICIOUS_MOVE = YES;
				CLANG_WARN_UNGUARDED_AVAILABILITY = YES_AGGRESSIVE;
				CLANG_WARN_UNREACHABLE_CODE = YES;
				CLANG_WARN__DUPLICATE_METHOD_MATCH = YES;
				CODE_SIGN_IDENTITY = "iPhone Developer";
				COPY_PHASE_STRIP = NO;
				DEBUG_INFORMATION_FORMAT = dwarf;
				ENABLE_STRICT_OBJC_MSGSEND = YES;
				ENABLE_TESTABILITY = YES;
				GCC_C_LANGUAGE_STANDARD = gnu11;
				GCC_DYNAMIC_NO_PIC = NO;
				GCC_NO_COMMON_BLOCKS = YES;
				GCC_OPTIMIZATION_LEVEL = 0;
				GCC_PREPROCESSOR_DEFINITIONS = (
					"DEBUG=1",
					"$(inherited)",
				);
				GCC_WARN_64_TO_32_BIT_CONVERSION = YES;
				GCC_WARN_ABOUT_RETURN_TYPE = YES_ERROR;
				GCC_WARN_UNDECLARED_SELECTOR = YES;
				GCC_WARN_UNINITIALIZED_AUTOS = YES_AGGRESSIVE;
				GCC_WARN_UNUSED_FUNCTION = YES;
				GCC_WARN_UNUSED_VARIABLE = YES;
				IPHONEOS_DEPLOYMENT_TARGET = 14.6;
				MTL_ENABLE_DEBUG_INFO = INCLUDE_SOURCE;
				MTL_FAST_MATH = YES;
				ONLY_ACTIVE_ARCH = YES;
				SDKROOT = iphoneos;
				SWIFT_ACTIVE_COMPILATION_CONDITIONS = DEBUG;
				SWIFT_OPTIMIZATION_LEVEL = "-Onone";
			};
			name = Debug;
		};
		8BEA477B22B72C590034118D /* Release */ = {
			isa = XCBuildConfiguration;
			buildSettings = {
				ALWAYS_SEARCH_USER_PATHS = NO;
				CLANG_ANALYZER_NONNULL = YES;
				CLANG_ANALYZER_NUMBER_OBJECT_CONVERSION = YES_AGGRESSIVE;
				CLANG_CXX_LANGUAGE_STANDARD = "gnu++14";
				CLANG_CXX_LIBRARY = "libc++";
				CLANG_ENABLE_MODULES = YES;
				CLANG_ENABLE_OBJC_ARC = YES;
				CLANG_ENABLE_OBJC_WEAK = YES;
				CLANG_WARN_BLOCK_CAPTURE_AUTORELEASING = YES;
				CLANG_WARN_BOOL_CONVERSION = YES;
				CLANG_WARN_COMMA = YES;
				CLANG_WARN_CONSTANT_CONVERSION = YES;
				CLANG_WARN_DEPRECATED_OBJC_IMPLEMENTATIONS = YES;
				CLANG_WARN_DIRECT_OBJC_ISA_USAGE = YES_ERROR;
				CLANG_WARN_DOCUMENTATION_COMMENTS = YES;
				CLANG_WARN_EMPTY_BODY = YES;
				CLANG_WARN_ENUM_CONVERSION = YES;
				CLANG_WARN_INFINITE_RECURSION = YES;
				CLANG_WARN_INT_CONVERSION = YES;
				CLANG_WARN_NON_LITERAL_NULL_CONVERSION = YES;
				CLANG_WARN_OBJC_IMPLICIT_RETAIN_SELF = YES;
				CLANG_WARN_OBJC_LITERAL_CONVERSION = YES;
				CLANG_WARN_OBJC_ROOT_CLASS = YES_ERROR;
				CLANG_WARN_RANGE_LOOP_ANALYSIS = YES;
				CLANG_WARN_STRICT_PROTOTYPES = YES;
				CLANG_WARN_SUSPICIOUS_MOVE = YES;
				CLANG_WARN_UNGUARDED_AVAILABILITY = YES_AGGRESSIVE;
				CLANG_WARN_UNREACHABLE_CODE = YES;
				CLANG_WARN__DUPLICATE_METHOD_MATCH = YES;
				CODE_SIGN_IDENTITY = "iPhone Developer";
				COPY_PHASE_STRIP = NO;
				DEBUG_INFORMATION_FORMAT = "dwarf-with-dsym";
				ENABLE_NS_ASSERTIONS = NO;
				ENABLE_STRICT_OBJC_MSGSEND = YES;
				GCC_C_LANGUAGE_STANDARD = gnu11;
				GCC_NO_COMMON_BLOCKS = YES;
				GCC_WARN_64_TO_32_BIT_CONVERSION = YES;
				GCC_WARN_ABOUT_RETURN_TYPE = YES_ERROR;
				GCC_WARN_UNDECLARED_SELECTOR = YES;
				GCC_WARN_UNINITIALIZED_AUTOS = YES_AGGRESSIVE;
				GCC_WARN_UNUSED_FUNCTION = YES;
				GCC_WARN_UNUSED_VARIABLE = YES;
				IPHONEOS_DEPLOYMENT_TARGET = 14.6;
				MTL_ENABLE_DEBUG_INFO = NO;
				MTL_FAST_MATH = YES;
				SDKROOT = iphoneos;
				SWIFT_COMPILATION_MODE = wholemodule;
				SWIFT_OPTIMIZATION_LEVEL = "-O";
				VALIDATE_PRODUCT = YES;
			};
			name = Release;
		};
		8BEA477D22B72C590034118D /* Debug */ = {
			isa = XCBuildConfiguration;
			buildSettings = {
				ASSETCATALOG_COMPILER_APPICON_NAME = AppIcon;
				CODE_SIGN_ENTITLEMENTS = Guava/Guava.entitlements;
				CODE_SIGN_IDENTITY = "Apple Development";
				"CODE_SIGN_IDENTITY[sdk=iphoneos*]" = "iPhone Developer";
				CODE_SIGN_STYLE = Manual;
				CURRENT_PROJECT_VERSION = 7;
				DEVELOPMENT_TEAM = "";
				"DEVELOPMENT_TEAM[sdk=iphoneos*]" = DHYQZ6XCLH;
				INFOPLIST_FILE = Guava/Info.plist;
				INFOPLIST_KEY_CFBundleDisplayName = guava;
				IPHONEOS_DEPLOYMENT_TARGET = 15.0;
				LD_RUNPATH_SEARCH_PATHS = (
					"$(inherited)",
					"@executable_path/Frameworks",
				);
				MARKETING_VERSION = 2.0;
				PRODUCT_BUNDLE_IDENTIFIER = com.boldera.guava;
				PRODUCT_NAME = "$(TARGET_NAME)";
				PROVISIONING_PROFILE_SPECIFIER = "";
				"PROVISIONING_PROFILE_SPECIFIER[sdk=iphoneos*]" = guava_provisional_profile;
				SWIFT_VERSION = 5.0;
				TARGETED_DEVICE_FAMILY = "1,2";
			};
			name = Debug;
		};
		8BEA477E22B72C590034118D /* Release */ = {
			isa = XCBuildConfiguration;
			buildSettings = {
				ASSETCATALOG_COMPILER_APPICON_NAME = AppIcon;
				CODE_SIGN_ENTITLEMENTS = Guava/Guava.entitlements;
				CODE_SIGN_IDENTITY = "Apple Development";
				"CODE_SIGN_IDENTITY[sdk=iphoneos*]" = "iPhone Developer";
				CODE_SIGN_STYLE = Manual;
				CURRENT_PROJECT_VERSION = 7;
				DEVELOPMENT_TEAM = "";
				"DEVELOPMENT_TEAM[sdk=iphoneos*]" = DHYQZ6XCLH;
				INFOPLIST_FILE = Guava/Info.plist;
				INFOPLIST_KEY_CFBundleDisplayName = guava;
				IPHONEOS_DEPLOYMENT_TARGET = 15.0;
				LD_RUNPATH_SEARCH_PATHS = (
					"$(inherited)",
					"@executable_path/Frameworks",
				);
				MARKETING_VERSION = 2.0;
				PRODUCT_BUNDLE_IDENTIFIER = com.boldera.guava;
				PRODUCT_NAME = "$(TARGET_NAME)";
				PROVISIONING_PROFILE_SPECIFIER = "";
				"PROVISIONING_PROFILE_SPECIFIER[sdk=iphoneos*]" = guava_provisional_profile;
				SWIFT_VERSION = 5.0;
				TARGETED_DEVICE_FAMILY = "1,2";
			};
			name = Release;
		};
/* End XCBuildConfiguration section */

/* Begin XCConfigurationList section */
		8BEA476522B72C4B0034118D /* Build configuration list for PBXProject "Guava" */ = {
			isa = XCConfigurationList;
			buildConfigurations = (
				8BEA477A22B72C590034118D /* Debug */,
				8BEA477B22B72C590034118D /* Release */,
			);
			defaultConfigurationIsVisible = 0;
			defaultConfigurationName = Release;
		};
		8BEA477C22B72C590034118D /* Build configuration list for PBXNativeTarget "Guava" */ = {
			isa = XCConfigurationList;
			buildConfigurations = (
				8BEA477D22B72C590034118D /* Debug */,
				8BEA477E22B72C590034118D /* Release */,
			);
			defaultConfigurationIsVisible = 0;
			defaultConfigurationName = Release;
		};
/* End XCConfigurationList section */

/* Begin XCRemoteSwiftPackageReference section */
		6A65A7DA2B4ABAF000D7AD41 /* XCRemoteSwiftPackageReference "SwiftyStoreKit" */ = {
			isa = XCRemoteSwiftPackageReference;
			repositoryURL = "https://github.com/bizz84/SwiftyStoreKit.git";
			requirement = {
				kind = upToNextMajorVersion;
				minimumVersion = 0.16.4;
			};
		};
		6A65A7E32B4B1FD900D7AD41 /* XCRemoteSwiftPackageReference "MBProgressHUD" */ = {
			isa = XCRemoteSwiftPackageReference;
			repositoryURL = "https://github.com/jdg/MBProgressHUD.git";
			requirement = {
				kind = upToNextMajorVersion;
				minimumVersion = 1.2.0;
			};
		};
/* End XCRemoteSwiftPackageReference section */

/* Begin XCSwiftPackageProductDependency section */
		6A65A7DB2B4ABAF000D7AD41 /* SwiftyStoreKit */ = {
			isa = XCSwiftPackageProductDependency;
			package = 6A65A7DA2B4ABAF000D7AD41 /* XCRemoteSwiftPackageReference "SwiftyStoreKit" */;
			productName = SwiftyStoreKit;
		};
		6A65A7E42B4B1FD900D7AD41 /* MBProgressHUD */ = {
			isa = XCSwiftPackageProductDependency;
			package = 6A65A7E32B4B1FD900D7AD41 /* XCRemoteSwiftPackageReference "MBProgressHUD" */;
			productName = MBProgressHUD;
		};
/* End XCSwiftPackageProductDependency section */
	};
	rootObject = 8BEA476222B72C4B0034118D /* Project object */;
}
